
Microsoft Visual Studio Solution File, Format Version 12.00
# Visual Studio Version 17
VisualStudioVersion = 17.6.33723.286
MinimumVisualStudioVersion = 10.0.40219.1
Project("{FAE04EC0-301F-11D3-BF4B-00C04F79EFBC}") = "LambdaAPIDemo", "LambdaAPIDemo\LambdaAPIDemo.csproj", "{49DAA4E1-F9C9-4CFA-AA8A-E401CEDC587A}"
EndProject
Global
	GlobalSection(SolutionConfigurationPlatforms) = preSolution
		Debug|Any CPU = Debug|Any CPU
		Release|Any CPU = Release|Any CPU
	EndGlobalSection
	GlobalSection(ProjectConfigurationPlatforms) = postSolution
		{49DAA4E1-F9C9-4CFA-AA8A-E401CEDC587A}.Debug|Any CPU.ActiveCfg = Debug|Any CPU
		{49DAA4E1-F9C9-4CFA-AA8A-E401CEDC587A}.Debug|Any CPU.Build.0 = Debug|Any CPU
		{49DAA4E1-F9C9-4CFA-AA8A-E401CEDC587A}.Release|Any CPU.ActiveCfg = Release|Any CPU
		{49DAA4E1-F9C9-4CFA-AA8A-E401CEDC587A}.Release|Any CPU.Build.0 = Release|Any CPU
	EndGlobalSection
	GlobalSection(SolutionProperties) = preSolution
		HideSolutionNode = FALSE
	EndGlobalSection
	GlobalSection(ExtensibilityGlobals) = postSolution
		SolutionGuid = {22731C8A-0C90-421F-8EF1-48445D6B4797}
	EndGlobalSection
EndGlobal
